
Microsoft Visual Studio Solution File, Format Version 12.00
# Visual Studio 15
VisualStudioVersion = 15.0.27130.2027
MinimumVisualStudioVersion = 10.0.40219.1
Project("{A0786B88-2ADB-4C21-ABE8-AA2D79766269}") = "parse", "parse\parse.phpproj", "{599FBBE9-9116-449F-BACC-693A5F1E2B34}"
EndProject
Global
	GlobalSection(SolutionConfigurationPlatforms) = preSolution
		Debug|Any CPU = Debug|Any CPU
		Release|Any CPU = Release|Any CPU
	EndGlobalSection
	GlobalSection(ProjectConfigurationPlatforms) = postSolution
		{599FBBE9-9116-449F-BACC-693A5F1E2B34}.Debug|Any CPU.ActiveCfg = Debug|Any CPU
		{599FBBE9-9116-449F-BACC-693A5F1E2B34}.Release|Any CPU.ActiveCfg = Release|Any CPU
	EndGlobalSection
	GlobalSection(SolutionProperties) = preSolution
		HideSolutionNode = FALSE
	EndGlobalSection
	GlobalSection(ExtensibilityGlobals) = postSolution
		SolutionGuid = {6D46A4E8-B8AA-4D9A-A886-AED64E4AFE28}
	EndGlobalSection
EndGlobal
