
Microsoft Visual Studio Solution File, Format Version 12.00
# Visual Studio 15
VisualStudioVersion = 15.0.27130.2027
MinimumVisualStudioVersion = 10.0.40219.1
Project("{A0786B88-2ADB-4C21-ABE8-AA2D79766269}") = "parse", "parse\parse.phpproj", "{599FBBE9-9116-449F-BACC-693A5F1E2B34}"
EndProject
Project("{888888A0-9F3D-457C-B088-3A5042F75D52}") = "interpret", "interpret\interpret.pyproj", "{E52993C3-F334-4F7E-A3FC-252AD6D0DCFD}"
EndProject
Project("{A0786B88-2ADB-4C21-ABE8-AA2D79766269}") = "test", "test\test.phpproj", "{DECB12D4-F7C1-441D-98B3-C41E23779968}"
EndProject
Global
	GlobalSection(SolutionConfigurationPlatforms) = preSolution
		Debug|Any CPU = Debug|Any CPU
		Release|Any CPU = Release|Any CPU
	EndGlobalSection
	GlobalSection(ProjectConfigurationPlatforms) = postSolution
		{599FBBE9-9116-449F-BACC-693A5F1E2B34}.Debug|Any CPU.ActiveCfg = Debug|Any CPU
		{599FBBE9-9116-449F-BACC-693A5F1E2B34}.Release|Any CPU.ActiveCfg = Release|Any CPU
		{E52993C3-F334-4F7E-A3FC-252AD6D0DCFD}.Debug|Any CPU.ActiveCfg = Debug|Any CPU
		{E52993C3-F334-4F7E-A3FC-252AD6D0DCFD}.Release|Any CPU.ActiveCfg = Release|Any CPU
		{DECB12D4-F7C1-441D-98B3-C41E23779968}.Debug|Any CPU.ActiveCfg = Debug|Any CPU
		{DECB12D4-F7C1-441D-98B3-C41E23779968}.Release|Any CPU.ActiveCfg = Release|Any CPU
	EndGlobalSection
	GlobalSection(SolutionProperties) = preSolution
		HideSolutionNode = FALSE
	EndGlobalSection
	GlobalSection(ExtensibilityGlobals) = postSolution
		SolutionGuid = {6D46A4E8-B8AA-4D9A-A886-AED64E4AFE28}
	EndGlobalSection
EndGlobal
